
Microsoft Visual Studio Solution File, Format Version 12.00
# Visual Studio Version 16
VisualStudioVersion = 16.0.30011.22
MinimumVisualStudioVersion = 10.0.40219.1
Project("{FAE04EC0-301F-11D3-BF4B-00C04F79EFBC}") = "FirstAngularApp", "FirstAngularApp\FirstAngularApp.csproj", "{C8187FB4-8F73-4060-A92A-DFA6B2BDDE98}"
EndProject
Global
	GlobalSection(SolutionConfigurationPlatforms) = preSolution
		Debug|Any CPU = Debug|Any CPU
		Release|Any CPU = Release|Any CPU
	EndGlobalSection
	GlobalSection(ProjectConfigurationPlatforms) = postSolution
		{C8187FB4-8F73-4060-A92A-DFA6B2BDDE98}.Debug|Any CPU.ActiveCfg = Debug|Any CPU
		{C8187FB4-8F73-4060-A92A-DFA6B2BDDE98}.Debug|Any CPU.Build.0 = Debug|Any CPU
		{C8187FB4-8F73-4060-A92A-DFA6B2BDDE98}.Release|Any CPU.ActiveCfg = Release|Any CPU
		{C8187FB4-8F73-4060-A92A-DFA6B2BDDE98}.Release|Any CPU.Build.0 = Release|Any CPU
	EndGlobalSection
	GlobalSection(SolutionProperties) = preSolution
		HideSolutionNode = FALSE
	EndGlobalSection
	GlobalSection(ExtensibilityGlobals) = postSolution
		SolutionGuid = {14A8296F-4E6C-4E18-B5E7-5A03381E6ACF}
	EndGlobalSection
EndGlobal
